
Microsoft Visual Studio Solution File, Format Version 12.00
# Visual Studio 14
VisualStudioVersion = 14.0.25123.0
MinimumVisualStudioVersion = 10.0.40219.1
Project("{FAE04EC0-301F-11D3-BF4B-00C04F79EFBC}") = "Revit", "Revit\Revit.csproj", "{A84FCFA4-BC19-4DEA-9F34-23A7F298A1FD}"
EndProject
Project("{FAE04EC0-301F-11D3-BF4B-00C04F79EFBC}") = "RevitApi", "RevitApi\RevitApi.csproj", "{8DA7C4C6-BD31-4E26-B3A1-A1EA2E7FDA75}"
EndProject
Project("{FAE04EC0-301F-11D3-BF4B-00C04F79EFBC}") = "RevitApi.Tests", "RevitApi.Tests\RevitApi.Tests.csproj", "{78FDA6B3-2B12-432F-ABA9-2A63AF68A012}"
EndProject
Global
	GlobalSection(SolutionConfigurationPlatforms) = preSolution
		Debug|Any CPU = Debug|Any CPU
		Release|Any CPU = Release|Any CPU
	EndGlobalSection
	GlobalSection(ProjectConfigurationPlatforms) = postSolution
		{A84FCFA4-BC19-4DEA-9F34-23A7F298A1FD}.Debug|Any CPU.ActiveCfg = Debug|Any CPU
		{A84FCFA4-BC19-4DEA-9F34-23A7F298A1FD}.Debug|Any CPU.Build.0 = Debug|Any CPU
		{A84FCFA4-BC19-4DEA-9F34-23A7F298A1FD}.Release|Any CPU.ActiveCfg = Release|Any CPU
		{A84FCFA4-BC19-4DEA-9F34-23A7F298A1FD}.Release|Any CPU.Build.0 = Release|Any CPU
		{8DA7C4C6-BD31-4E26-B3A1-A1EA2E7FDA75}.Debug|Any CPU.ActiveCfg = Debug|Any CPU
		{8DA7C4C6-BD31-4E26-B3A1-A1EA2E7FDA75}.Debug|Any CPU.Build.0 = Debug|Any CPU
		{8DA7C4C6-BD31-4E26-B3A1-A1EA2E7FDA75}.Release|Any CPU.ActiveCfg = Release|Any CPU
		{8DA7C4C6-BD31-4E26-B3A1-A1EA2E7FDA75}.Release|Any CPU.Build.0 = Release|Any CPU
		{78FDA6B3-2B12-432F-ABA9-2A63AF68A012}.Debug|Any CPU.ActiveCfg = Debug|Any CPU
		{78FDA6B3-2B12-432F-ABA9-2A63AF68A012}.Debug|Any CPU.Build.0 = Debug|Any CPU
		{78FDA6B3-2B12-432F-ABA9-2A63AF68A012}.Release|Any CPU.ActiveCfg = Release|Any CPU
		{78FDA6B3-2B12-432F-ABA9-2A63AF68A012}.Release|Any CPU.Build.0 = Release|Any CPU
	EndGlobalSection
	GlobalSection(SolutionProperties) = preSolution
		HideSolutionNode = FALSE
	EndGlobalSection
EndGlobal
